
Microsoft Visual Studio Solution File, Format Version 12.00
# Visual Studio Version 17
VisualStudioVersion = 17.7.34031.279
MinimumVisualStudioVersion = 10.0.40219.1
Project("{FAE04EC0-301F-11D3-BF4B-00C04F79EFBC}") = "Aula128Composition", "Aula128Composition\Aula128Composition.csproj", "{997BB495-F038-4419-B93D-3C3D27AD2B48}"
EndProject
Global
	GlobalSection(SolutionConfigurationPlatforms) = preSolution
		Debug|Any CPU = Debug|Any CPU
		Release|Any CPU = Release|Any CPU
	EndGlobalSection
	GlobalSection(ProjectConfigurationPlatforms) = postSolution
		{997BB495-F038-4419-B93D-3C3D27AD2B48}.Debug|Any CPU.ActiveCfg = Debug|Any CPU
		{997BB495-F038-4419-B93D-3C3D27AD2B48}.Debug|Any CPU.Build.0 = Debug|Any CPU
		{997BB495-F038-4419-B93D-3C3D27AD2B48}.Release|Any CPU.ActiveCfg = Release|Any CPU
		{997BB495-F038-4419-B93D-3C3D27AD2B48}.Release|Any CPU.Build.0 = Release|Any CPU
	EndGlobalSection
	GlobalSection(SolutionProperties) = preSolution
		HideSolutionNode = FALSE
	EndGlobalSection
	GlobalSection(ExtensibilityGlobals) = postSolution
		SolutionGuid = {21C19B42-F435-41FF-A026-C932171478E0}
	EndGlobalSection
EndGlobal
